
Microsoft Visual Studio Solution File, Format Version 12.00
# Visual Studio Version 17
VisualStudioVersion = 17.8.34330.188
MinimumVisualStudioVersion = 10.0.40219.1
Project("{FAE04EC0-301F-11D3-BF4B-00C04F79EFBC}") = "DSFWORKS", "DSFWORKS\DSFWORKS.csproj", "{3B783D75-BC4E-49EE-B7C5-C7F81E5ECA8A}"
EndProject
Global
	GlobalSection(SolutionConfigurationPlatforms) = preSolution
		Debug|Any CPU = Debug|Any CPU
		Release|Any CPU = Release|Any CPU
	EndGlobalSection
	GlobalSection(ProjectConfigurationPlatforms) = postSolution
		{3B783D75-BC4E-49EE-B7C5-C7F81E5ECA8A}.Debug|Any CPU.ActiveCfg = Debug|Any CPU
		{3B783D75-BC4E-49EE-B7C5-C7F81E5ECA8A}.Debug|Any CPU.Build.0 = Debug|Any CPU
		{3B783D75-BC4E-49EE-B7C5-C7F81E5ECA8A}.Release|Any CPU.ActiveCfg = Release|Any CPU
		{3B783D75-BC4E-49EE-B7C5-C7F81E5ECA8A}.Release|Any CPU.Build.0 = Release|Any CPU
	EndGlobalSection
	GlobalSection(SolutionProperties) = preSolution
		HideSolutionNode = FALSE
	EndGlobalSection
	GlobalSection(ExtensibilityGlobals) = postSolution
		SolutionGuid = {7B1C24D0-FA32-4B52-98BB-91B320228C01}
	EndGlobalSection
EndGlobal
